// !$*UTF8*$!
{
	archiveVersion = 1;
	classes = {
	};
	objectVersion = 48;
	objects = {

/* Begin PBXBuildFile section */
		70826FA2CC5F1C57906A6F30 /* Pods_Demo.framework in Frameworks */ = {isa = PBXBuildFile; fileRef = 70E57E25CCD3F3289CDFDE7C /* Pods_Demo.framework */; };
		D036A9731F48F309001E671B /* NumberFormatter-Extensions.swift in Sources */ = {isa = PBXBuildFile; fileRef = D036A9711F48F309001E671B /* NumberFormatter-Extensions.swift */; };
		D036A9741F48F309001E671B /* DateFormatter-Extensions.swift in Sources */ = {isa = PBXBuildFile; fileRef = D036A9721F48F309001E671B /* DateFormatter-Extensions.swift */; };
		D05E0D441F486D970000EAF1 /* AppDelegate.swift in Sources */ = {isa = PBXBuildFile; fileRef = D05E0D431F486D970000EAF1 /* AppDelegate.swift */; };
		D05E0D461F486D970000EAF1 /* ViewController.swift in Sources */ = {isa = PBXBuildFile; fileRef = D05E0D451F486D970000EAF1 /* ViewController.swift */; };
		D05E0D491F486D970000EAF1 /* Main.storyboard in Resources */ = {isa = PBXBuildFile; fileRef = D05E0D471F486D970000EAF1 /* Main.storyboard */; };
		D05E0D4B1F486D970000EAF1 /* Assets.xcassets in Resources */ = {isa = PBXBuildFile; fileRef = D05E0D4A1F486D970000EAF1 /* Assets.xcassets */; };
		D05E0D4E1F486D970000EAF1 /* LaunchScreen.storyboard in Resources */ = {isa = PBXBuildFile; fileRef = D05E0D4C1F486D970000EAF1 /* LaunchScreen.storyboard */; };
		D05E0D6B1F486EE80000EAF1 /* Embeddable.swift in Sources */ = {isa = PBXBuildFile; fileRef = D05E0D5D1F486EDF0000EAF1 /* Embeddable.swift */; };
		D05E0D6C1F486EE80000EAF1 /* StoryboardLoadable.swift in Sources */ = {isa = PBXBuildFile; fileRef = D05E0D5E1F486EDF0000EAF1 /* StoryboardLoadable.swift */; };
		D05E0D6D1F486EEC0000EAF1 /* Bundle-Extensions.swift in Sources */ = {isa = PBXBuildFile; fileRef = D05E0D601F486EDF0000EAF1 /* Bundle-Extensions.swift */; };
		D05E0D6E1F486EEC0000EAF1 /* Date-Extensions.swift in Sources */ = {isa = PBXBuildFile; fileRef = D05E0D611F486EDF0000EAF1 /* Date-Extensions.swift */; };
		D05E0D6F1F486EEC0000EAF1 /* String-Extensions.swift in Sources */ = {isa = PBXBuildFile; fileRef = D05E0D621F486EDF0000EAF1 /* String-Extensions.swift */; };
		D05E0D701F486EF00000EAF1 /* Notifying.swift in Sources */ = {isa = PBXBuildFile; fileRef = D05E0D641F486EDF0000EAF1 /* Notifying.swift */; };
		D05E0D711F486EF30000EAF1 /* AsyncOperation.swift in Sources */ = {isa = PBXBuildFile; fileRef = D05E0D661F486EDF0000EAF1 /* AsyncOperation.swift */; };
		D05E0D721F486EF80000EAF1 /* DequeableView.swift in Sources */ = {isa = PBXBuildFile; fileRef = D05E0D681F486EDF0000EAF1 /* DequeableView.swift */; };
		D05E0D731F486EF80000EAF1 /* NibLoadable.swift in Sources */ = {isa = PBXBuildFile; fileRef = D05E0D691F486EDF0000EAF1 /* NibLoadable.swift */; };
		D05E0D741F486EF80000EAF1 /* ReusableView.swift in Sources */ = {isa = PBXBuildFile; fileRef = D05E0D6A1F486EDF0000EAF1 /* ReusableView.swift */; };
/* End PBXBuildFile section */

/* Begin PBXFileReference section */
		70E57E25CCD3F3289CDFDE7C /* Pods_Demo.framework */ = {isa = PBXFileReference; explicitFileType = wrapper.framework; includeInIndex = 0; path = Pods_Demo.framework; sourceTree = BUILT_PRODUCTS_DIR; };
		7E3E0C438728D91F44A67A12 /* Pods-Demo.release.xcconfig */ = {isa = PBXFileReference; includeInIndex = 1; lastKnownFileType = text.xcconfig; name = "Pods-Demo.release.xcconfig"; path = "Pods/Target Support Files/Pods-Demo/Pods-Demo.release.xcconfig"; sourceTree = "<group>"; };
		CA86D7B08949FB44DC5F5679 /* Pods-Demo.debug.xcconfig */ = {isa = PBXFileReference; includeInIndex = 1; lastKnownFileType = text.xcconfig; name = "Pods-Demo.debug.xcconfig"; path = "Pods/Target Support Files/Pods-Demo/Pods-Demo.debug.xcconfig"; sourceTree = "<group>"; };
		D036A9711F48F309001E671B /* NumberFormatter-Extensions.swift */ = {isa = PBXFileReference; fileEncoding = 4; lastKnownFileType = sourcecode.swift; path = "NumberFormatter-Extensions.swift"; sourceTree = "<group>"; };
		D036A9721F48F309001E671B /* DateFormatter-Extensions.swift */ = {isa = PBXFileReference; fileEncoding = 4; lastKnownFileType = sourcecode.swift; path = "DateFormatter-Extensions.swift"; sourceTree = "<group>"; };
		D05E0D401F486D970000EAF1 /* Demo.app */ = {isa = PBXFileReference; explicitFileType = wrapper.application; includeInIndex = 0; path = Demo.app; sourceTree = BUILT_PRODUCTS_DIR; };
		D05E0D431F486D970000EAF1 /* AppDelegate.swift */ = {isa = PBXFileReference; lastKnownFileType = sourcecode.swift; path = AppDelegate.swift; sourceTree = "<group>"; };
		D05E0D451F486D970000EAF1 /* ViewController.swift */ = {isa = PBXFileReference; lastKnownFileType = sourcecode.swift; path = ViewController.swift; sourceTree = "<group>"; };
		D05E0D481F486D970000EAF1 /* Base */ = {isa = PBXFileReference; lastKnownFileType = file.storyboard; name = Base; path = Base.lproj/Main.storyboard; sourceTree = "<group>"; };
		D05E0D4A1F486D970000EAF1 /* Assets.xcassets */ = {isa = PBXFileReference; lastKnownFileType = folder.assetcatalog; path = Assets.xcassets; sourceTree = "<group>"; };
		D05E0D4D1F486D970000EAF1 /* Base */ = {isa = PBXFileReference; lastKnownFileType = file.storyboard; name = Base; path = Base.lproj/LaunchScreen.storyboard; sourceTree = "<group>"; };
		D05E0D4F1F486D970000EAF1 /* Info.plist */ = {isa = PBXFileReference; lastKnownFileType = text.plist.xml; path = Info.plist; sourceTree = "<group>"; };
		D05E0D5D1F486EDF0000EAF1 /* Embeddable.swift */ = {isa = PBXFileReference; lastKnownFileType = sourcecode.swift; path = Embeddable.swift; sourceTree = "<group>"; };
		D05E0D5E1F486EDF0000EAF1 /* StoryboardLoadable.swift */ = {isa = PBXFileReference; lastKnownFileType = sourcecode.swift; path = StoryboardLoadable.swift; sourceTree = "<group>"; };
		D05E0D601F486EDF0000EAF1 /* Bundle-Extensions.swift */ = {isa = PBXFileReference; lastKnownFileType = sourcecode.swift; path = "Bundle-Extensions.swift"; sourceTree = "<group>"; };
		D05E0D611F486EDF0000EAF1 /* Date-Extensions.swift */ = {isa = PBXFileReference; lastKnownFileType = sourcecode.swift; path = "Date-Extensions.swift"; sourceTree = "<group>"; };
		D05E0D621F486EDF0000EAF1 /* String-Extensions.swift */ = {isa = PBXFileReference; lastKnownFileType = sourcecode.swift; path = "String-Extensions.swift"; sourceTree = "<group>"; };
		D05E0D641F486EDF0000EAF1 /* Notifying.swift */ = {isa = PBXFileReference; lastKnownFileType = sourcecode.swift; path = Notifying.swift; sourceTree = "<group>"; };
		D05E0D661F486EDF0000EAF1 /* AsyncOperation.swift */ = {isa = PBXFileReference; lastKnownFileType = sourcecode.swift; path = AsyncOperation.swift; sourceTree = "<group>"; };
		D05E0D681F486EDF0000EAF1 /* DequeableView.swift */ = {isa = PBXFileReference; lastKnownFileType = sourcecode.swift; path = DequeableView.swift; sourceTree = "<group>"; };
		D05E0D691F486EDF0000EAF1 /* NibLoadable.swift */ = {isa = PBXFileReference; lastKnownFileType = sourcecode.swift; path = NibLoadable.swift; sourceTree = "<group>"; };
		D05E0D6A1F486EDF0000EAF1 /* ReusableView.swift */ = {isa = PBXFileReference; lastKnownFileType = sourcecode.swift; path = ReusableView.swift; sourceTree = "<group>"; };
/* End PBXFileReference section */

/* Begin PBXFrameworksBuildPhase section */
		D05E0D3D1F486D970000EAF1 /* Frameworks */ = {
			isa = PBXFrameworksBuildPhase;
			buildActionMask = 2147483647;
			files = (
				70826FA2CC5F1C57906A6F30 /* Pods_Demo.framework in Frameworks */,
			);
			runOnlyForDeploymentPostprocessing = 0;
		};
/* End PBXFrameworksBuildPhase section */

/* Begin PBXGroup section */
		A1A10944F632DF1C4CB836A8 /* Frameworks */ = {
			isa = PBXGroup;
			children = (
				70E57E25CCD3F3289CDFDE7C /* Pods_Demo.framework */,
			);
			name = Frameworks;
			sourceTree = "<group>";
		};
		D05E0D371F486D970000EAF1 = {
			isa = PBXGroup;
			children = (
				D05E0D551F486E5C0000EAF1 /* Essentials */,
				D05E0D421F486D970000EAF1 /* Demo */,
				D05E0D411F486D970000EAF1 /* Products */,
				EBF2E1A40BFC35124C5337A2 /* Pods */,
				A1A10944F632DF1C4CB836A8 /* Frameworks */,
			);
			sourceTree = "<group>";
		};
		D05E0D411F486D970000EAF1 /* Products */ = {
			isa = PBXGroup;
			children = (
				D05E0D401F486D970000EAF1 /* Demo.app */,
			);
			name = Products;
			sourceTree = "<group>";
		};
		D05E0D421F486D970000EAF1 /* Demo */ = {
			isa = PBXGroup;
			children = (
				D05E0D431F486D970000EAF1 /* AppDelegate.swift */,
				D05E0D451F486D970000EAF1 /* ViewController.swift */,
				D05E0D471F486D970000EAF1 /* Main.storyboard */,
				D05E0D4A1F486D970000EAF1 /* Assets.xcassets */,
				D05E0D4C1F486D970000EAF1 /* LaunchScreen.storyboard */,
				D05E0D4F1F486D970000EAF1 /* Info.plist */,
			);
			path = Demo;
			sourceTree = "<group>";
		};
		D05E0D551F486E5C0000EAF1 /* Essentials */ = {
			isa = PBXGroup;
			children = (
				D05E0D5C1F486EDF0000EAF1 /* Controllers */,
				D05E0D5F1F486EDF0000EAF1 /* Foundation */,
				D05E0D631F486EDF0000EAF1 /* Notifications */,
				D05E0D651F486EDF0000EAF1 /* Operation */,
				D05E0D671F486EDF0000EAF1 /* Views */,
			);
			name = Essentials;
			sourceTree = "<group>";
		};
		D05E0D5C1F486EDF0000EAF1 /* Controllers */ = {
			isa = PBXGroup;
			children = (
				D05E0D5D1F486EDF0000EAF1 /* Embeddable.swift */,
				D05E0D5E1F486EDF0000EAF1 /* StoryboardLoadable.swift */,
			);
			name = Controllers;
			path = ../Controllers;
			sourceTree = "<group>";
		};
		D05E0D5F1F486EDF0000EAF1 /* Foundation */ = {
			isa = PBXGroup;
			children = (
				D036A9721F48F309001E671B /* DateFormatter-Extensions.swift */,
				D036A9711F48F309001E671B /* NumberFormatter-Extensions.swift */,
				D05E0D601F486EDF0000EAF1 /* Bundle-Extensions.swift */,
				D05E0D611F486EDF0000EAF1 /* Date-Extensions.swift */,
				D05E0D621F486EDF0000EAF1 /* String-Extensions.swift */,
			);
			name = Foundation;
			path = ../Foundation;
			sourceTree = "<group>";
		};
		D05E0D631F486EDF0000EAF1 /* Notifications */ = {
			isa = PBXGroup;
			children = (
				D05E0D641F486EDF0000EAF1 /* Notifying.swift */,
			);
			name = Notifications;
			path = ../Notifications;
			sourceTree = "<group>";
		};
		D05E0D651F486EDF0000EAF1 /* Operation */ = {
			isa = PBXGroup;
			children = (
				D05E0D661F486EDF0000EAF1 /* AsyncOperation.swift */,
			);
			name = Operation;
			path = ../Operation;
			sourceTree = "<group>";
		};
		D05E0D671F486EDF0000EAF1 /* Views */ = {
			isa = PBXGroup;
			children = (
				D05E0D6A1F486EDF0000EAF1 /* ReusableView.swift */,
				D05E0D691F486EDF0000EAF1 /* NibLoadable.swift */,
				D05E0D681F486EDF0000EAF1 /* DequeableView.swift */,
			);
			name = Views;
			path = ../Views;
			sourceTree = "<group>";
		};
		EBF2E1A40BFC35124C5337A2 /* Pods */ = {
			isa = PBXGroup;
			children = (
				CA86D7B08949FB44DC5F5679 /* Pods-Demo.debug.xcconfig */,
				7E3E0C438728D91F44A67A12 /* Pods-Demo.release.xcconfig */,
			);
			name = Pods;
			sourceTree = "<group>";
		};
/* End PBXGroup section */

/* Begin PBXNativeTarget section */
		D05E0D3F1F486D970000EAF1 /* Demo */ = {
			isa = PBXNativeTarget;
			buildConfigurationList = D05E0D521F486D970000EAF1 /* Build configuration list for PBXNativeTarget "Demo" */;
			buildPhases = (
				A08CA1DCF4B853AD83A1FED1 /* [CP] Check Pods Manifest.lock */,
				D05E0D3C1F486D970000EAF1 /* Sources */,
				D05E0D3D1F486D970000EAF1 /* Frameworks */,
				D05E0D3E1F486D970000EAF1 /* Resources */,
				D35A2D2B369933DF19EE9BE6 /* [CP] Embed Pods Frameworks */,
				665D5FD8FAFBDBADEE640B8F /* [CP] Copy Pods Resources */,
			);
			buildRules = (
			);
			dependencies = (
			);
			name = Demo;
			productName = Demo;
			productReference = D05E0D401F486D970000EAF1 /* Demo.app */;
			productType = "com.apple.product-type.application";
		};
/* End PBXNativeTarget section */

/* Begin PBXProject section */
		D05E0D381F486D970000EAF1 /* Project object */ = {
			isa = PBXProject;
			attributes = {
				LastSwiftUpdateCheck = 0900;
				LastUpgradeCheck = 0900;
				ORGANIZATIONNAME = "Radiant Tap";
				TargetAttributes = {
					D05E0D3F1F486D970000EAF1 = {
						CreatedOnToolsVersion = 9.0;
					};
				};
			};
			buildConfigurationList = D05E0D3B1F486D970000EAF1 /* Build configuration list for PBXProject "Demo" */;
			compatibilityVersion = "Xcode 8.0";
			developmentRegion = en;
			hasScannedForEncodings = 0;
			knownRegions = (
				en,
				Base,
			);
			mainGroup = D05E0D371F486D970000EAF1;
			productRefGroup = D05E0D411F486D970000EAF1 /* Products */;
			projectDirPath = "";
			projectRoot = "";
			targets = (
				D05E0D3F1F486D970000EAF1 /* Demo */,
			);
		};
/* End PBXProject section */

/* Begin PBXResourcesBuildPhase section */
		D05E0D3E1F486D970000EAF1 /* Resources */ = {
			isa = PBXResourcesBuildPhase;
			buildActionMask = 2147483647;
			files = (
				D05E0D4E1F486D970000EAF1 /* LaunchScreen.storyboard in Resources */,
				D05E0D4B1F486D970000EAF1 /* Assets.xcassets in Resources */,
				D05E0D491F486D970000EAF1 /* Main.storyboard in Resources */,
			);
			runOnlyForDeploymentPostprocessing = 0;
		};
/* End PBXResourcesBuildPhase section */

/* Begin PBXShellScriptBuildPhase section */
		665D5FD8FAFBDBADEE640B8F /* [CP] Copy Pods Resources */ = {
			isa = PBXShellScriptBuildPhase;
			buildActionMask = 2147483647;
			files = (
			);
			inputPaths = (
			);
			name = "[CP] Copy Pods Resources";
			outputPaths = (
			);
			runOnlyForDeploymentPostprocessing = 0;
			shellPath = /bin/sh;
			shellScript = "\"${SRCROOT}/Pods/Target Support Files/Pods-Demo/Pods-Demo-resources.sh\"\n";
			showEnvVarsInLog = 0;
		};
		A08CA1DCF4B853AD83A1FED1 /* [CP] Check Pods Manifest.lock */ = {
			isa = PBXShellScriptBuildPhase;
			buildActionMask = 2147483647;
			files = (
			);
			inputPaths = (
			);
			name = "[CP] Check Pods Manifest.lock";
			outputPaths = (
			);
			runOnlyForDeploymentPostprocessing = 0;
			shellPath = /bin/sh;
			shellScript = "diff \"${PODS_PODFILE_DIR_PATH}/Podfile.lock\" \"${PODS_ROOT}/Manifest.lock\" > /dev/null\nif [ $? != 0 ] ; then\n    # print error to STDERR\n    echo \"error: The sandbox is not in sync with the Podfile.lock. Run 'pod install' or update your CocoaPods installation.\" >&2\n    exit 1\nfi\n";
			showEnvVarsInLog = 0;
		};
		D35A2D2B369933DF19EE9BE6 /* [CP] Embed Pods Frameworks */ = {
			isa = PBXShellScriptBuildPhase;
			buildActionMask = 2147483647;
			files = (
			);
			inputPaths = (
			);
			name = "[CP] Embed Pods Frameworks";
			outputPaths = (
			);
			runOnlyForDeploymentPostprocessing = 0;
			shellPath = /bin/sh;
			shellScript = "\"${SRCROOT}/Pods/Target Support Files/Pods-Demo/Pods-Demo-frameworks.sh\"\n";
			showEnvVarsInLog = 0;
		};
/* End PBXShellScriptBuildPhase section */

/* Begin PBXSourcesBuildPhase section */
		D05E0D3C1F486D970000EAF1 /* Sources */ = {
			isa = PBXSourcesBuildPhase;
			buildActionMask = 2147483647;
			files = (
				D05E0D6C1F486EE80000EAF1 /* StoryboardLoadable.swift in Sources */,
				D05E0D701F486EF00000EAF1 /* Notifying.swift in Sources */,
				D05E0D6E1F486EEC0000EAF1 /* Date-Extensions.swift in Sources */,
				D05E0D741F486EF80000EAF1 /* ReusableView.swift in Sources */,
				D036A9741F48F309001E671B /* DateFormatter-Extensions.swift in Sources */,
				D05E0D6F1F486EEC0000EAF1 /* String-Extensions.swift in Sources */,
				D05E0D6D1F486EEC0000EAF1 /* Bundle-Extensions.swift in Sources */,
				D05E0D731F486EF80000EAF1 /* NibLoadable.swift in Sources */,
				D05E0D721F486EF80000EAF1 /* DequeableView.swift in Sources */,
				D05E0D461F486D970000EAF1 /* ViewController.swift in Sources */,
				D05E0D441F486D970000EAF1 /* AppDelegate.swift in Sources */,
				D036A9731F48F309001E671B /* NumberFormatter-Extensions.swift in Sources */,
				D05E0D711F486EF30000EAF1 /* AsyncOperation.swift in Sources */,
				D05E0D6B1F486EE80000EAF1 /* Embeddable.swift in Sources */,
			);
			runOnlyForDeploymentPostprocessing = 0;
		};
/* End PBXSourcesBuildPhase section */

/* Begin PBXVariantGroup section */
		D05E0D471F486D970000EAF1 /* Main.storyboard */ = {
			isa = PBXVariantGroup;
			children = (
				D05E0D481F486D970000EAF1 /* Base */,
			);
			name = Main.storyboard;
			sourceTree = "<group>";
		};
		D05E0D4C1F486D970000EAF1 /* LaunchScreen.storyboard */ = {
			isa = PBXVariantGroup;
			children = (
				D05E0D4D1F486D970000EAF1 /* Base */,
			);
			name = LaunchScreen.storyboard;
			sourceTree = "<group>";
		};
/* End PBXVariantGroup section */

/* Begin XCBuildConfiguration section */
		D05E0D501F486D970000EAF1 /* Debug */ = {
			isa = XCBuildConfiguration;
			buildSettings = {
				ALWAYS_SEARCH_USER_PATHS = NO;
				CLANG_ANALYZER_NONNULL = YES;
				CLANG_ANALYZER_NUMBER_OBJECT_CONVERSION = YES_AGGRESSIVE;
				CLANG_CXX_LANGUAGE_STANDARD = "gnu++14";
				CLANG_CXX_LIBRARY = "libc++";
				CLANG_ENABLE_MODULES = YES;
				CLANG_ENABLE_OBJC_ARC = YES;
				CLANG_WARN_BLOCK_CAPTURE_AUTORELEASING = YES;
				CLANG_WARN_BOOL_CONVERSION = YES;
				CLANG_WARN_COMMA = YES;
				CLANG_WARN_CONSTANT_CONVERSION = YES;
				CLANG_WARN_DIRECT_OBJC_ISA_USAGE = YES_ERROR;
				CLANG_WARN_DOCUMENTATION_COMMENTS = YES;
				CLANG_WARN_EMPTY_BODY = YES;
				CLANG_WARN_ENUM_CONVERSION = YES;
				CLANG_WARN_INFINITE_RECURSION = YES;
				CLANG_WARN_INT_CONVERSION = YES;
				CLANG_WARN_NON_LITERAL_NULL_CONVERSION = YES;
				CLANG_WARN_OBJC_LITERAL_CONVERSION = YES;
				CLANG_WARN_OBJC_ROOT_CLASS = YES_ERROR;
				CLANG_WARN_RANGE_LOOP_ANALYSIS = YES;
				CLANG_WARN_STRICT_PROTOTYPES = YES;
				CLANG_WARN_SUSPICIOUS_MOVE = YES;
				CLANG_WARN_UNGUARDED_AVAILABILITY = YES_AGGRESSIVE;
				CLANG_WARN_UNREACHABLE_CODE = YES;
				CLANG_WARN__DUPLICATE_METHOD_MATCH = YES;
				CODE_SIGN_IDENTITY = "iPhone Developer";
				COPY_PHASE_STRIP = NO;
				DEBUG_INFORMATION_FORMAT = dwarf;
				ENABLE_STRICT_OBJC_MSGSEND = YES;
				ENABLE_TESTABILITY = YES;
				GCC_C_LANGUAGE_STANDARD = gnu11;
				GCC_DYNAMIC_NO_PIC = NO;
				GCC_NO_COMMON_BLOCKS = YES;
				GCC_OPTIMIZATION_LEVEL = 0;
				GCC_PREPROCESSOR_DEFINITIONS = (
					"DEBUG=1",
					"$(inherited)",
				);
				GCC_WARN_64_TO_32_BIT_CONVERSION = YES;
				GCC_WARN_ABOUT_RETURN_TYPE = YES_ERROR;
				GCC_WARN_UNDECLARED_SELECTOR = YES;
				GCC_WARN_UNINITIALIZED_AUTOS = YES_AGGRESSIVE;
				GCC_WARN_UNUSED_FUNCTION = YES;
				GCC_WARN_UNUSED_VARIABLE = YES;
				IPHONEOS_DEPLOYMENT_TARGET = 9.3;
				MTL_ENABLE_DEBUG_INFO = YES;
				ONLY_ACTIVE_ARCH = YES;
				SDKROOT = iphoneos;
				SWIFT_ACTIVE_COMPILATION_CONDITIONS = DEBUG;
				SWIFT_OPTIMIZATION_LEVEL = "-Onone";
			};
			name = Debug;
		};
		D05E0D511F486D970000EAF1 /* Release */ = {
			isa = XCBuildConfiguration;
			buildSettings = {
				ALWAYS_SEARCH_USER_PATHS = NO;
				CLANG_ANALYZER_NONNULL = YES;
				CLANG_ANALYZER_NUMBER_OBJECT_CONVERSION = YES_AGGRESSIVE;
				CLANG_CXX_LANGUAGE_STANDARD = "gnu++14";
				CLANG_CXX_LIBRARY = "libc++";
				CLANG_ENABLE_MODULES = YES;
				CLANG_ENABLE_OBJC_ARC = YES;
				CLANG_WARN_BLOCK_CAPTURE_AUTORELEASING = YES;
				CLANG_WARN_BOOL_CONVERSION = YES;
				CLANG_WARN_COMMA = YES;
				CLANG_WARN_CONSTANT_CONVERSION = YES;
				CLANG_WARN_DIRECT_OBJC_ISA_USAGE = YES_ERROR;
				CLANG_WARN_DOCUMENTATION_COMMENTS = YES;
				CLANG_WARN_EMPTY_BODY = YES;
				CLANG_WARN_ENUM_CONVERSION = YES;
				CLANG_WARN_INFINITE_RECURSION = YES;
				CLANG_WARN_INT_CONVERSION = YES;
				CLANG_WARN_NON_LITERAL_NULL_CONVERSION = YES;
				CLANG_WARN_OBJC_LITERAL_CONVERSION = YES;
				CLANG_WARN_OBJC_ROOT_CLASS = YES_ERROR;
				CLANG_WARN_RANGE_LOOP_ANALYSIS = YES;
				CLANG_WARN_STRICT_PROTOTYPES = YES;
				CLANG_WARN_SUSPICIOUS_MOVE = YES;
				CLANG_WARN_UNGUARDED_AVAILABILITY = YES_AGGRESSIVE;
				CLANG_WARN_UNREACHABLE_CODE = YES;
				CLANG_WARN__DUPLICATE_METHOD_MATCH = YES;
				CODE_SIGN_IDENTITY = "iPhone Developer";
				COPY_PHASE_STRIP = NO;
				DEBUG_INFORMATION_FORMAT = "dwarf-with-dsym";
				ENABLE_NS_ASSERTIONS = NO;
				ENABLE_STRICT_OBJC_MSGSEND = YES;
				GCC_C_LANGUAGE_STANDARD = gnu11;
				GCC_NO_COMMON_BLOCKS = YES;
				GCC_WARN_64_TO_32_BIT_CONVERSION = YES;
				GCC_WARN_ABOUT_RETURN_TYPE = YES_ERROR;
				GCC_WARN_UNDECLARED_SELECTOR = YES;
				GCC_WARN_UNINITIALIZED_AUTOS = YES_AGGRESSIVE;
				GCC_WARN_UNUSED_FUNCTION = YES;
				GCC_WARN_UNUSED_VARIABLE = YES;
				IPHONEOS_DEPLOYMENT_TARGET = 9.3;
				MTL_ENABLE_DEBUG_INFO = NO;
				SDKROOT = iphoneos;
				SWIFT_OPTIMIZATION_LEVEL = "-Owholemodule";
				VALIDATE_PRODUCT = YES;
			};
			name = Release;
		};
		D05E0D531F486D970000EAF1 /* Debug */ = {
			isa = XCBuildConfiguration;
			baseConfigurationReference = CA86D7B08949FB44DC5F5679 /* Pods-Demo.debug.xcconfig */;
			buildSettings = {
				ASSETCATALOG_COMPILER_APPICON_NAME = AppIcon;
				INFOPLIST_FILE = Demo/Info.plist;
				LD_RUNPATH_SEARCH_PATHS = "$(inherited) @executable_path/Frameworks";
				PRODUCT_BUNDLE_IDENTIFIER = com.radianttap.Demo;
				PRODUCT_NAME = "$(TARGET_NAME)";
				SWIFT_VERSION = 4.0;
				TARGETED_DEVICE_FAMILY = "1,2";
			};
			name = Debug;
		};
		D05E0D541F486D970000EAF1 /* Release */ = {
			isa = XCBuildConfiguration;
			baseConfigurationReference = 7E3E0C438728D91F44A67A12 /* Pods-Demo.release.xcconfig */;
			buildSettings = {
				ASSETCATALOG_COMPILER_APPICON_NAME = AppIcon;
				INFOPLIST_FILE = Demo/Info.plist;
				LD_RUNPATH_SEARCH_PATHS = "$(inherited) @executable_path/Frameworks";
				PRODUCT_BUNDLE_IDENTIFIER = com.radianttap.Demo;
				PRODUCT_NAME = "$(TARGET_NAME)";
				SWIFT_VERSION = 4.0;
				TARGETED_DEVICE_FAMILY = "1,2";
			};
			name = Release;
		};
/* End XCBuildConfiguration section */

/* Begin XCConfigurationList section */
		D05E0D3B1F486D970000EAF1 /* Build configuration list for PBXProject "Demo" */ = {
			isa = XCConfigurationList;
			buildConfigurations = (
				D05E0D501F486D970000EAF1 /* Debug */,
				D05E0D511F486D970000EAF1 /* Release */,
			);
			defaultConfigurationIsVisible = 0;
			defaultConfigurationName = Release;
		};
		D05E0D521F486D970000EAF1 /* Build configuration list for PBXNativeTarget "Demo" */ = {
			isa = XCConfigurationList;
			buildConfigurations = (
				D05E0D531F486D970000EAF1 /* Debug */,
				D05E0D541F486D970000EAF1 /* Release */,
			);
			defaultConfigurationIsVisible = 0;
			defaultConfigurationName = Release;
		};
/* End XCConfigurationList section */
	};
	rootObject = D05E0D381F486D970000EAF1 /* Project object */;
}
